// !$*UTF8*$!
{
	archiveVersion = 1;
	classes = {
	};
	objectVersion = 46;
	objects = {

/* Begin PBXBuildFile section */
		B56386491DB9693800A0598C /* AppDelegate.m in Sources */ = {isa = PBXBuildFile; fileRef = B56386481DB9693800A0598C /* AppDelegate.m */; };
		B56386611DB96A5E00A0598C /* main.m in Sources */ = {isa = PBXBuildFile; fileRef = B563865E1DB96A5E00A0598C /* main.m */; };
/* End PBXBuildFile section */

/* Begin PBXContainerItemProxy section */
		961EEBE42234C57000CC291B /* PBXContainerItemProxy */ = {
			isa = PBXContainerItemProxy;
			containerPortal = C6DA5E84689C4E2A9F68A2A0 /* RNAlarm.xcodeproj */;
			proxyType = 2;
			remoteGlobalIDString = 134814201AA4EA6300B7C361;
			remoteInfo = RNAlarm;
		};
		965FC46F2236D49000304A0F /* PBXContainerItemProxy */ = {
			isa = PBXContainerItemProxy;
			containerPortal = A161B32A6BE5422E91B96491 /* RNInstagramShare.xcodeproj */;
			proxyType = 2;
			remoteGlobalIDString = C2928CBF1BF0FBA100626B74;
			remoteInfo = RNInstagramShare;
		};
/* End PBXContainerItemProxy section */

/* Begin PBXFileReference section */
		0D432CD812614213B34748F9 /* Foundation.ttf */ = {isa = PBXFileReference; explicitFileType = undefined; fileEncoding = 9; includeInIndex = 0; lastKnownFileType = unknown; name = Foundation.ttf; path = "../node_modules/react-native-vector-icons/Fonts/Foundation.ttf"; sourceTree = "<group>"; };
		0FE765D7935B45B09CE646E9 /* MaterialIcons.ttf */ = {isa = PBXFileReference; explicitFileType = undefined; fileEncoding = 9; includeInIndex = 0; lastKnownFileType = unknown; name = MaterialIcons.ttf; path = "../node_modules/react-native-vector-icons/Fonts/MaterialIcons.ttf"; sourceTree = "<group>"; };
		11AC98867C044AE0BCF749F8 /* FontAwesome5_Regular.ttf */ = {isa = PBXFileReference; explicitFileType = undefined; fileEncoding = 9; includeInIndex = 0; lastKnownFileType = unknown; name = FontAwesome5_Regular.ttf; path = "../node_modules/react-native-vector-icons/Fonts/FontAwesome5_Regular.ttf"; sourceTree = "<group>"; };
		1440A7C995844549A558BD4F /* Octicons.ttf */ = {isa = PBXFileReference; explicitFileType = undefined; fileEncoding = 9; includeInIndex = 0; lastKnownFileType = unknown; name = Octicons.ttf; path = "../node_modules/native-base/Fonts/Octicons.ttf"; sourceTree = "<group>"; };
		21E93907D6CB4672816364D9 /* FontAwesome5_Brands.ttf */ = {isa = PBXFileReference; explicitFileType = undefined; fileEncoding = 9; includeInIndex = 0; lastKnownFileType = unknown; name = FontAwesome5_Brands.ttf; path = "../node_modules/native-base/Fonts/FontAwesome5_Brands.ttf"; sourceTree = "<group>"; };
		23F7EF86582543E48F732746 /* Roboto.ttf */ = {isa = PBXFileReference; explicitFileType = undefined; fileEncoding = 9; includeInIndex = 0; lastKnownFileType = unknown; name = Roboto.ttf; path = "../node_modules/native-base/Fonts/Roboto.ttf"; sourceTree = "<group>"; };
		2C1548D9E4CB1AEFA5CCAE6D /* Pods-test-app-5.debug.xcconfig */ = {isa = PBXFileReference; includeInIndex = 1; lastKnownFileType = text.xcconfig; name = "Pods-test-app-5.debug.xcconfig"; path = "Pods/Target Support Files/Pods-test-app-5/Pods-test-app-5.debug.xcconfig"; sourceTree = "<group>"; };
		338FF71C68D743AA9D901659 /* Zocial.ttf */ = {isa = PBXFileReference; explicitFileType = undefined; fileEncoding = 9; includeInIndex = 0; lastKnownFileType = unknown; name = Zocial.ttf; path = "../node_modules/native-base/Fonts/Zocial.ttf"; sourceTree = "<group>"; };
		3826EB93EF5D49D4AC41E0D4 /* libRNInstagramShare.a */ = {isa = PBXFileReference; explicitFileType = undefined; fileEncoding = 9; includeInIndex = 0; lastKnownFileType = archive.ar; path = libRNInstagramShare.a; sourceTree = "<group>"; };
		4801C28CF4E94109B90C0149 /* FontAwesome5_Solid.ttf */ = {isa = PBXFileReference; explicitFileType = undefined; fileEncoding = 9; includeInIndex = 0; lastKnownFileType = unknown; name = FontAwesome5_Solid.ttf; path = "../node_modules/react-native-vector-icons/Fonts/FontAwesome5_Solid.ttf"; sourceTree = "<group>"; };
		4A27A9C9E9784BB284BDB7DD /* Entypo.ttf */ = {isa = PBXFileReference; explicitFileType = undefined; fileEncoding = 9; includeInIndex = 0; lastKnownFileType = unknown; name = Entypo.ttf; path = "../node_modules/native-base/Fonts/Entypo.ttf"; sourceTree = "<group>"; };
		4B52D4FA47884D3DB29C8B1D /* FontAwesome5_Solid.ttf */ = {isa = PBXFileReference; explicitFileType = undefined; fileEncoding = 9; includeInIndex = 0; lastKnownFileType = unknown; name = FontAwesome5_Solid.ttf; path = "../node_modules/native-base/Fonts/FontAwesome5_Solid.ttf"; sourceTree = "<group>"; };
		4CC770A0023943C7A7133BB7 /* rubicon-icon-font.ttf */ = {isa = PBXFileReference; explicitFileType = undefined; fileEncoding = 9; includeInIndex = 0; lastKnownFileType = unknown; name = "rubicon-icon-font.ttf"; path = "../node_modules/native-base/Fonts/rubicon-icon-font.ttf"; sourceTree = "<group>"; };
		4ED69130DAB940D58CD032D8 /* Octicons.ttf */ = {isa = PBXFileReference; explicitFileType = undefined; fileEncoding = 9; includeInIndex = 0; lastKnownFileType = unknown; name = Octicons.ttf; path = "../node_modules/react-native-vector-icons/Fonts/Octicons.ttf"; sourceTree = "<group>"; };
		58ABD7C095F445C9816C7B4C /* FontAwesome5_Regular.ttf */ = {isa = PBXFileReference; explicitFileType = undefined; fileEncoding = 9; includeInIndex = 0; lastKnownFileType = unknown; name = FontAwesome5_Regular.ttf; path = "../node_modules/native-base/Fonts/FontAwesome5_Regular.ttf"; sourceTree = "<group>"; };
		5AA63345A01C4060B374110E /* SimpleLineIcons.ttf */ = {isa = PBXFileReference; explicitFileType = undefined; fileEncoding = 9; includeInIndex = 0; lastKnownFileType = unknown; name = SimpleLineIcons.ttf; path = "../node_modules/react-native-vector-icons/Fonts/SimpleLineIcons.ttf"; sourceTree = "<group>"; };
		5FE0AA862152432F9BAC8443 /* AntDesign.ttf */ = {isa = PBXFileReference; explicitFileType = undefined; fileEncoding = 9; includeInIndex = 0; lastKnownFileType = unknown; name = AntDesign.ttf; path = "../node_modules/native-base/Fonts/AntDesign.ttf"; sourceTree = "<group>"; };
		630BE863C4874D9A8D4A2D0C /* Ionicons.ttf */ = {isa = PBXFileReference; explicitFileType = undefined; fileEncoding = 9; includeInIndex = 0; lastKnownFileType = unknown; name = Ionicons.ttf; path = "../node_modules/react-native-vector-icons/Fonts/Ionicons.ttf"; sourceTree = "<group>"; };
		6806255EBFA243DFBB24DEE3 /* Feather.ttf */ = {isa = PBXFileReference; explicitFileType = undefined; fileEncoding = 9; includeInIndex = 0; lastKnownFileType = unknown; name = Feather.ttf; path = "../node_modules/native-base/Fonts/Feather.ttf"; sourceTree = "<group>"; };
		69866E014292452B8010007D /* Zocial.ttf */ = {isa = PBXFileReference; explicitFileType = undefined; fileEncoding = 9; includeInIndex = 0; lastKnownFileType = unknown; name = Zocial.ttf; path = "../node_modules/react-native-vector-icons/Fonts/Zocial.ttf"; sourceTree = "<group>"; };
		82176B1D297C4FD68056FC7A /* AntDesign.ttf */ = {isa = PBXFileReference; explicitFileType = undefined; fileEncoding = 9; includeInIndex = 0; lastKnownFileType = unknown; name = AntDesign.ttf; path = "../node_modules/react-native-vector-icons/Fonts/AntDesign.ttf"; sourceTree = "<group>"; };
		860912C5B0924512BE228D2D /* MaterialCommunityIcons.ttf */ = {isa = PBXFileReference; explicitFileType = undefined; fileEncoding = 9; includeInIndex = 0; lastKnownFileType = unknown; name = MaterialCommunityIcons.ttf; path = "../node_modules/native-base/Fonts/MaterialCommunityIcons.ttf"; sourceTree = "<group>"; };
		8F675DE9D9C8492EAC260F6B /* Feather.ttf */ = {isa = PBXFileReference; explicitFileType = undefined; fileEncoding = 9; includeInIndex = 0; lastKnownFileType = unknown; name = Feather.ttf; path = "../node_modules/react-native-vector-icons/Fonts/Feather.ttf"; sourceTree = "<group>"; };
		91F7FF4F75AD4AF78F11F0E0 /* Ionicons.ttf */ = {isa = PBXFileReference; explicitFileType = undefined; fileEncoding = 9; includeInIndex = 0; lastKnownFileType = unknown; name = Ionicons.ttf; path = "../node_modules/native-base/Fonts/Ionicons.ttf"; sourceTree = "<group>"; };
		94D770006BF34CE48B4FA57A /* EvilIcons.ttf */ = {isa = PBXFileReference; explicitFileType = undefined; fileEncoding = 9; includeInIndex = 0; lastKnownFileType = unknown; name = EvilIcons.ttf; path = "../node_modules/native-base/Fonts/EvilIcons.ttf"; sourceTree = "<group>"; };
		958A707EB4AC4E9A8E54EADA /* Roboto_medium.ttf */ = {isa = PBXFileReference; explicitFileType = undefined; fileEncoding = 9; includeInIndex = 0; lastKnownFileType = unknown; name = Roboto_medium.ttf; path = "../node_modules/native-base/Fonts/Roboto_medium.ttf"; sourceTree = "<group>"; };
		96F224B92236DABF008980EB /* react-native-instagram-share */ = {isa = PBXFileReference; lastKnownFileType = folder; name = "react-native-instagram-share"; path = "../node_modules/react-native-instagram-share"; sourceTree = "<group>"; };
		96F224C12236DB8F008980EB /* react */ = {isa = PBXFileReference; lastKnownFileType = folder; name = react; path = ../node_modules/react; sourceTree = "<group>"; };
		97085C41AD694755A3E92D2C /* FontAwesome5_Brands.ttf */ = {isa = PBXFileReference; explicitFileType = undefined; fileEncoding = 9; includeInIndex = 0; lastKnownFileType = unknown; name = FontAwesome5_Brands.ttf; path = "../node_modules/react-native-vector-icons/Fonts/FontAwesome5_Brands.ttf"; sourceTree = "<group>"; };
		A161B32A6BE5422E91B96491 /* RNInstagramShare.xcodeproj */ = {isa = PBXFileReference; explicitFileType = undefined; fileEncoding = 9; includeInIndex = 0; lastKnownFileType = "wrapper.pb-project"; name = RNInstagramShare.xcodeproj; path = "../node_modules/react-native-instagram-share/RNInstagramShare.xcodeproj"; sourceTree = "<group>"; };
		A3B64394C6FC4131BD8B601F /* FontAwesome.ttf */ = {isa = PBXFileReference; explicitFileType = undefined; fileEncoding = 9; includeInIndex = 0; lastKnownFileType = unknown; name = FontAwesome.ttf; path = "../node_modules/react-native-vector-icons/Fonts/FontAwesome.ttf"; sourceTree = "<group>"; };
		A47FE4D7F70906B7DC8CE39B /* Pods-test-app-5.release.xcconfig */ = {isa = PBXFileReference; includeInIndex = 1; lastKnownFileType = text.xcconfig; name = "Pods-test-app-5.release.xcconfig"; path = "Pods/Target Support Files/Pods-test-app-5/Pods-test-app-5.release.xcconfig"; sourceTree = "<group>"; };
		A50324B0ED20433F9C597221 /* SimpleLineIcons.ttf */ = {isa = PBXFileReference; explicitFileType = undefined; fileEncoding = 9; includeInIndex = 0; lastKnownFileType = unknown; name = SimpleLineIcons.ttf; path = "../node_modules/native-base/Fonts/SimpleLineIcons.ttf"; sourceTree = "<group>"; };
		AF0E381B20D6451E92F36E67 /* Foundation.ttf */ = {isa = PBXFileReference; explicitFileType = undefined; fileEncoding = 9; includeInIndex = 0; lastKnownFileType = unknown; name = Foundation.ttf; path = "../node_modules/native-base/Fonts/Foundation.ttf"; sourceTree = "<group>"; };
		AFA59294AC3F41FE8958F439 /* MaterialCommunityIcons.ttf */ = {isa = PBXFileReference; explicitFileType = undefined; fileEncoding = 9; includeInIndex = 0; lastKnownFileType = unknown; name = MaterialCommunityIcons.ttf; path = "../node_modules/react-native-vector-icons/Fonts/MaterialCommunityIcons.ttf"; sourceTree = "<group>"; };
		B111C1374CB04972891531F6 /* libRNAlarm.a */ = {isa = PBXFileReference; explicitFileType = undefined; fileEncoding = 9; includeInIndex = 0; lastKnownFileType = archive.ar; path = libRNAlarm.a; sourceTree = "<group>"; };
		B501732A1DC01252003445D9 /* EXShell.plist */ = {isa = PBXFileReference; fileEncoding = 4; lastKnownFileType = text.plist.xml; path = EXShell.plist; sourceTree = "<group>"; };
		B56386411DB9693800A0598C /* test-app-5.app */ = {isa = PBXFileReference; explicitFileType = wrapper.application; includeInIndex = 0; path = "test-app-5.app"; sourceTree = BUILT_PRODUCTS_DIR; };
		B56386471DB9693800A0598C /* AppDelegate.h */ = {isa = PBXFileReference; lastKnownFileType = sourcecode.c.h; path = AppDelegate.h; sourceTree = "<group>"; };
		B56386481DB9693800A0598C /* AppDelegate.m */ = {isa = PBXFileReference; lastKnownFileType = sourcecode.c.objc; path = AppDelegate.m; sourceTree = "<group>"; };
		B56386501DB9693800A0598C /* Assets.xcassets */ = {isa = PBXFileReference; lastKnownFileType = folder.assetcatalog; path = Assets.xcassets; sourceTree = "<group>"; };
		B563865C1DB96A5E00A0598C /* Info.plist */ = {isa = PBXFileReference; fileEncoding = 4; lastKnownFileType = text.plist.xml; path = Info.plist; sourceTree = "<group>"; };
		B563865E1DB96A5E00A0598C /* main.m */ = {isa = PBXFileReference; fileEncoding = 4; lastKnownFileType = sourcecode.c.objc; path = main.m; sourceTree = "<group>"; };
		B56386661DB9994300A0598C /* EXSDKVersions.plist */ = {isa = PBXFileReference; fileEncoding = 4; lastKnownFileType = text.plist.xml; path = EXSDKVersions.plist; sourceTree = "<group>"; };
		B5693E8D1FABD16A00307FA4 /* LaunchScreen.xib */ = {isa = PBXFileReference; fileEncoding = 4; lastKnownFileType = file.xib; path = LaunchScreen.xib; sourceTree = "<group>"; };
		B5693E8F1FABD46800307FA4 /* launch_background_image.png */ = {isa = PBXFileReference; lastKnownFileType = image.png; path = launch_background_image.png; sourceTree = "<group>"; };
		B5693E901FABD46800307FA4 /* launch_icon.png */ = {isa = PBXFileReference; lastKnownFileType = image.png; path = launch_icon.png; sourceTree = "<group>"; };
		B5CFBF4E1EDE419400B4BE24 /* EXBuildConstants.plist */ = {isa = PBXFileReference; fileEncoding = 4; lastKnownFileType = text.plist.xml; path = EXBuildConstants.plist; sourceTree = "<group>"; };
		B5DB047E1F3A684600E91581 /* shell-app-manifest.json */ = {isa = PBXFileReference; fileEncoding = 4; lastKnownFileType = text.json; path = "shell-app-manifest.json"; sourceTree = "<group>"; };
		B5DB047F1F3A684600E91581 /* shell-app.bundle */ = {isa = PBXFileReference; fileEncoding = 4; lastKnownFileType = text; path = "shell-app.bundle"; sourceTree = "<group>"; };
		C4A88D15726AD99E8A257BC7 /* libPods-test-app-5.a */ = {isa = PBXFileReference; explicitFileType = archive.ar; includeInIndex = 0; path = "libPods-test-app-5.a"; sourceTree = BUILT_PRODUCTS_DIR; };
		C5F8E64809A842828AEB9FE5 /* libRNReactNativeSharingWinstagram.a */ = {isa = PBXFileReference; explicitFileType = undefined; fileEncoding = 9; includeInIndex = 0; lastKnownFileType = archive.ar; path = libRNReactNativeSharingWinstagram.a; sourceTree = "<group>"; };
		C6DA5E84689C4E2A9F68A2A0 /* RNAlarm.xcodeproj */ = {isa = PBXFileReference; explicitFileType = undefined; fileEncoding = 9; includeInIndex = 0; lastKnownFileType = "wrapper.pb-project"; name = RNAlarm.xcodeproj; path = "../node_modules/react-native-alarm/ios/RNAlarm.xcodeproj"; sourceTree = "<group>"; };
		CBA1BF09A3124881BBC3A3E1 /* Entypo.ttf */ = {isa = PBXFileReference; explicitFileType = undefined; fileEncoding = 9; includeInIndex = 0; lastKnownFileType = unknown; name = Entypo.ttf; path = "../node_modules/react-native-vector-icons/Fonts/Entypo.ttf"; sourceTree = "<group>"; };
		CDCD3A41C89A481099C7874C /* EvilIcons.ttf */ = {isa = PBXFileReference; explicitFileType = undefined; fileEncoding = 9; includeInIndex = 0; lastKnownFileType = unknown; name = EvilIcons.ttf; path = "../node_modules/react-native-vector-icons/Fonts/EvilIcons.ttf"; sourceTree = "<group>"; };
		E4F18F2F412E4C7AA6B7DC7A /* MaterialIcons.ttf */ = {isa = PBXFileReference; explicitFileType = undefined; fileEncoding = 9; includeInIndex = 0; lastKnownFileType = unknown; name = MaterialIcons.ttf; path = "../node_modules/native-base/Fonts/MaterialIcons.ttf"; sourceTree = "<group>"; };
		F146D69A8A3E48F198CEF2B6 /* FontAwesome.ttf */ = {isa = PBXFileReference; explicitFileType = undefined; fileEncoding = 9; includeInIndex = 0; lastKnownFileType = unknown; name = FontAwesome.ttf; path = "../node_modules/native-base/Fonts/FontAwesome.ttf"; sourceTree = "<group>"; };
/* End PBXFileReference section */

/* Begin PBXFrameworksBuildPhase section */
		B563863E1DB9693800A0598C /* Frameworks */ = {
			isa = PBXFrameworksBuildPhase;
			buildActionMask = 2147483647;
			files = (
			);
			runOnlyForDeploymentPostprocessing = 0;
		};
/* End PBXFrameworksBuildPhase section */

/* Begin PBXGroup section */
		13C783F66E064D53BFBC3465 /* Resources */ = {
			isa = PBXGroup;
			children = (
				5FE0AA862152432F9BAC8443 /* AntDesign.ttf */,
				4A27A9C9E9784BB284BDB7DD /* Entypo.ttf */,
				94D770006BF34CE48B4FA57A /* EvilIcons.ttf */,
				6806255EBFA243DFBB24DEE3 /* Feather.ttf */,
				F146D69A8A3E48F198CEF2B6 /* FontAwesome.ttf */,
				21E93907D6CB4672816364D9 /* FontAwesome5_Brands.ttf */,
				58ABD7C095F445C9816C7B4C /* FontAwesome5_Regular.ttf */,
				4B52D4FA47884D3DB29C8B1D /* FontAwesome5_Solid.ttf */,
				AF0E381B20D6451E92F36E67 /* Foundation.ttf */,
				91F7FF4F75AD4AF78F11F0E0 /* Ionicons.ttf */,
				860912C5B0924512BE228D2D /* MaterialCommunityIcons.ttf */,
				E4F18F2F412E4C7AA6B7DC7A /* MaterialIcons.ttf */,
				1440A7C995844549A558BD4F /* Octicons.ttf */,
				958A707EB4AC4E9A8E54EADA /* Roboto_medium.ttf */,
				23F7EF86582543E48F732746 /* Roboto.ttf */,
				4CC770A0023943C7A7133BB7 /* rubicon-icon-font.ttf */,
				A50324B0ED20433F9C597221 /* SimpleLineIcons.ttf */,
				338FF71C68D743AA9D901659 /* Zocial.ttf */,
				82176B1D297C4FD68056FC7A /* AntDesign.ttf */,
				CBA1BF09A3124881BBC3A3E1 /* Entypo.ttf */,
				CDCD3A41C89A481099C7874C /* EvilIcons.ttf */,
				8F675DE9D9C8492EAC260F6B /* Feather.ttf */,
				A3B64394C6FC4131BD8B601F /* FontAwesome.ttf */,
				97085C41AD694755A3E92D2C /* FontAwesome5_Brands.ttf */,
				11AC98867C044AE0BCF749F8 /* FontAwesome5_Regular.ttf */,
				4801C28CF4E94109B90C0149 /* FontAwesome5_Solid.ttf */,
				0D432CD812614213B34748F9 /* Foundation.ttf */,
				630BE863C4874D9A8D4A2D0C /* Ionicons.ttf */,
				AFA59294AC3F41FE8958F439 /* MaterialCommunityIcons.ttf */,
				0FE765D7935B45B09CE646E9 /* MaterialIcons.ttf */,
				4ED69130DAB940D58CD032D8 /* Octicons.ttf */,
				5AA63345A01C4060B374110E /* SimpleLineIcons.ttf */,
				69866E014292452B8010007D /* Zocial.ttf */,
			);
			name = Resources;
			sourceTree = "<group>";
		};
		1A42804E64B7E9E0AB8B6799 /* Frameworks */ = {
			isa = PBXGroup;
			children = (
				96F224C12236DB8F008980EB /* react */,
				96F224B92236DABF008980EB /* react-native-instagram-share */,
				C4A88D15726AD99E8A257BC7 /* libPods-test-app-5.a */,
			);
			name = Frameworks;
			sourceTree = "<group>";
		};
		5B29BC350A332C58878A9F13 /* Pods */ = {
			isa = PBXGroup;
			children = (
				2C1548D9E4CB1AEFA5CCAE6D /* Pods-test-app-5.debug.xcconfig */,
				A47FE4D7F70906B7DC8CE39B /* Pods-test-app-5.release.xcconfig */,
			);
			name = Pods;
			sourceTree = "<group>";
		};
		961EEBE02234C53F00CC291B /* Recovered References */ = {
			isa = PBXGroup;
			children = (
				B111C1374CB04972891531F6 /* libRNAlarm.a */,
				C5F8E64809A842828AEB9FE5 /* libRNReactNativeSharingWinstagram.a */,
				3826EB93EF5D49D4AC41E0D4 /* libRNInstagramShare.a */,
			);
			name = "Recovered References";
			sourceTree = "<group>";
		};
		961EEBE12234C57000CC291B /* Products */ = {
			isa = PBXGroup;
			children = (
				961EEBE52234C57000CC291B /* libRNAlarm.a */,
			);
			name = Products;
			sourceTree = "<group>";
		};
		965FC46C2236D49000304A0F /* Products */ = {
			isa = PBXGroup;
			children = (
				965FC4702236D49000304A0F /* libRNInstagramShare.a */,
			);
			name = Products;
			sourceTree = "<group>";
		};
		99CDEB6E1FC04304AB64122C /* Libraries */ = {
			isa = PBXGroup;
			children = (
				C6DA5E84689C4E2A9F68A2A0 /* RNAlarm.xcodeproj */,
				A161B32A6BE5422E91B96491 /* RNInstagramShare.xcodeproj */,
			);
			name = Libraries;
			sourceTree = "<group>";
		};
		B56386381DB9693800A0598C = {
			isa = PBXGroup;
			children = (
				B56386431DB9693800A0598C /* test-app-5 */,
				B56386421DB9693800A0598C /* Products */,
				5B29BC350A332C58878A9F13 /* Pods */,
				1A42804E64B7E9E0AB8B6799 /* Frameworks */,
				99CDEB6E1FC04304AB64122C /* Libraries */,
				13C783F66E064D53BFBC3465 /* Resources */,
				961EEBE02234C53F00CC291B /* Recovered References */,
			);
			sourceTree = "<group>";
		};
		B56386421DB9693800A0598C /* Products */ = {
			isa = PBXGroup;
			children = (
				B56386411DB9693800A0598C /* test-app-5.app */,
			);
			name = Products;
			sourceTree = "<group>";
		};
		B56386431DB9693800A0598C /* test-app-5 */ = {
			isa = PBXGroup;
			children = (
				B56386471DB9693800A0598C /* AppDelegate.h */,
				B56386481DB9693800A0598C /* AppDelegate.m */,
				B56386501DB9693800A0598C /* Assets.xcassets */,
				B563865B1DB96A5E00A0598C /* Supporting */,
			);
			path = "test-app-5";
			sourceTree = "<group>";
		};
		B563865B1DB96A5E00A0598C /* Supporting */ = {
			isa = PBXGroup;
			children = (
				B5693E8F1FABD46800307FA4 /* launch_background_image.png */,
				B5693E901FABD46800307FA4 /* launch_icon.png */,
				B5693E8D1FABD16A00307FA4 /* LaunchScreen.xib */,
				B5DB047E1F3A684600E91581 /* shell-app-manifest.json */,
				B5DB047F1F3A684600E91581 /* shell-app.bundle */,
				B5CFBF4E1EDE419400B4BE24 /* EXBuildConstants.plist */,
				B501732A1DC01252003445D9 /* EXShell.plist */,
				B56386661DB9994300A0598C /* EXSDKVersions.plist */,
				B563865C1DB96A5E00A0598C /* Info.plist */,
				B563865E1DB96A5E00A0598C /* main.m */,
			);
			path = Supporting;
			sourceTree = "<group>";
		};
/* End PBXGroup section */

/* Begin PBXNativeTarget section */
		B56386401DB9693800A0598C /* test-app-5 */ = {
			isa = PBXNativeTarget;
			buildConfigurationList = B56386581DB9693800A0598C /* Build configuration list for PBXNativeTarget "test-app-5" */;
			buildPhases = (
				23539343DCC44EF8449429EE /* [CP] Check Pods Manifest.lock */,
				B5722AD01DFB7E3F0084848F /* Prepare Expo */,
				B563863D1DB9693800A0598C /* Sources */,
				B563863E1DB9693800A0598C /* Frameworks */,
				B563863F1DB9693800A0598C /* Resources */,
				AA38385B7D8D0854176B72FC /* [CP] Copy Pods Resources */,
				19D233B7204FDD7D0087ED51 /* Bundle Expo Assets */,
			);
			buildRules = (
			);
			dependencies = (
			);
			name = "test-app-5";
			productName = "test-app-5";
			productReference = B56386411DB9693800A0598C /* test-app-5.app */;
			productType = "com.apple.product-type.application";
		};
/* End PBXNativeTarget section */

/* Begin PBXProject section */
		B56386391DB9693800A0598C /* Project object */ = {
			isa = PBXProject;
			attributes = {
				LastUpgradeCheck = 1010;
				ORGANIZATIONNAME = "650 Industries, Inc.";
				TargetAttributes = {
					B56386401DB9693800A0598C = {
						CreatedOnToolsVersion = 8.0;
						DevelopmentTeam = 4S8954QVMK;
						ProvisioningStyle = Automatic;
					};
				};
			};
			buildConfigurationList = B563863C1DB9693800A0598C /* Build configuration list for PBXProject "test-app-5" */;
			compatibilityVersion = "Xcode 3.2";
			developmentRegion = English;
			hasScannedForEncodings = 0;
			knownRegions = (
				en,
				Base,
			);
			mainGroup = B56386381DB9693800A0598C;
			productRefGroup = B56386421DB9693800A0598C /* Products */;
			projectDirPath = "";
			projectReferences = (
				{
					ProductGroup = 961EEBE12234C57000CC291B /* Products */;
					ProjectRef = C6DA5E84689C4E2A9F68A2A0 /* RNAlarm.xcodeproj */;
				},
				{
					ProductGroup = 965FC46C2236D49000304A0F /* Products */;
					ProjectRef = A161B32A6BE5422E91B96491 /* RNInstagramShare.xcodeproj */;
				},
			);
			projectRoot = "";
			targets = (
				B56386401DB9693800A0598C /* test-app-5 */,
			);
		};
/* End PBXProject section */

/* Begin PBXReferenceProxy section */
		961EEBE52234C57000CC291B /* libRNAlarm.a */ = {
			isa = PBXReferenceProxy;
			fileType = archive.ar;
			path = libRNAlarm.a;
			remoteRef = 961EEBE42234C57000CC291B /* PBXContainerItemProxy */;
			sourceTree = BUILT_PRODUCTS_DIR;
		};
		965FC4702236D49000304A0F /* libRNInstagramShare.a */ = {
			isa = PBXReferenceProxy;
			fileType = archive.ar;
			path = libRNInstagramShare.a;
			remoteRef = 965FC46F2236D49000304A0F /* PBXContainerItemProxy */;
			sourceTree = BUILT_PRODUCTS_DIR;
		};
/* End PBXReferenceProxy section */

/* Begin PBXResourcesBuildPhase section */
		B563863F1DB9693800A0598C /* Resources */ = {
			isa = PBXResourcesBuildPhase;
			buildActionMask = 2147483647;
			files = (
			);
			runOnlyForDeploymentPostprocessing = 0;
		};
/* End PBXResourcesBuildPhase section */

/* Begin PBXShellScriptBuildPhase section */
		19D233B7204FDD7D0087ED51 /* Bundle Expo Assets */ = {
			isa = PBXShellScriptBuildPhase;
			buildActionMask = 2147483647;
			files = (
			);
			inputPaths = (
			);
			name = "Bundle Expo Assets";
			outputPaths = (
			);
			runOnlyForDeploymentPostprocessing = 0;
			shellPath = /bin/sh;
			shellScript = "set -eo pipefail\n\nif [ \"$CONFIGURATION\" == \"Debug\" ]; then\n  echo \"Skipping asset bundling in debug mode.\"\n  exit 0\nfi\n\npushd \"${SRCROOT}/..\"\nexport PATH=\"$(if [ -f ~/.expo/PATH ]; then echo $PATH:$(cat ~/.expo/PATH); else echo $PATH; fi)\"\ndest=\"$CONFIGURATION_BUILD_DIR/$UNLOCALIZED_RESOURCES_FOLDER_PATH\"\nexpo bundle-assets --platform ios --dest \"$dest\"\npopd\n";
		};
		23539343DCC44EF8449429EE /* [CP] Check Pods Manifest.lock */ = {
			isa = PBXShellScriptBuildPhase;
			buildActionMask = 2147483647;
			files = (
			);
			inputPaths = (
				"${PODS_PODFILE_DIR_PATH}/Podfile.lock",
				"${PODS_ROOT}/Manifest.lock",
			);
			name = "[CP] Check Pods Manifest.lock";
			outputPaths = (
				"$(DERIVED_FILE_DIR)/Pods-test-app-5-checkManifestLockResult.txt",
			);
			runOnlyForDeploymentPostprocessing = 0;
			shellPath = /bin/sh;
			shellScript = "diff \"${PODS_PODFILE_DIR_PATH}/Podfile.lock\" \"${PODS_ROOT}/Manifest.lock\" > /dev/null\nif [ $? != 0 ] ; then\n    # print error to STDERR\n    echo \"error: The sandbox is not in sync with the Podfile.lock. Run 'pod install' or update your CocoaPods installation.\" >&2\n    exit 1\nfi\n# This output is used by Xcode 'outputs' to avoid re-running this script phase.\necho \"SUCCESS\" > \"${SCRIPT_OUTPUT_FILE_0}\"\n";
			showEnvVarsInLog = 0;
		};
		AA38385B7D8D0854176B72FC /* [CP] Copy Pods Resources */ = {
			isa = PBXShellScriptBuildPhase;
			buildActionMask = 2147483647;
			files = (
			);
			inputPaths = (
				"${SRCROOT}/Pods/Target Support Files/Pods-test-app-5/Pods-test-app-5-resources.sh",
				"${PODS_ROOT}/Amplitude-iOS/Amplitude/api.amplitude.com.der",
				"${PODS_ROOT}/Amplitude-iOS/Amplitude/ComodoCaLimitedRsaCertificationAuthority.der",
				"${PODS_ROOT}/Amplitude-iOS/Amplitude/ComodoRsaCA.der",
				"${PODS_ROOT}/Amplitude-iOS/Amplitude/ComodoRsaDomainValidationCA.der",
				"${PODS_ROOT}/FBSDKCoreKit/FacebookSDKStrings.bundle",
				"${PODS_ROOT}/GoogleMaps/Maps/Frameworks/GoogleMaps.framework/Resources/GoogleMaps.bundle",
				"${PODS_ROOT}/GoogleSignIn/Resources/GoogleSignIn.bundle",
				"${PODS_ROOT}/../../node_modules/react-native-vector-icons/Fonts/AntDesign.ttf",
				"${PODS_ROOT}/../../node_modules/react-native-vector-icons/Fonts/Entypo.ttf",
				"${PODS_ROOT}/../../node_modules/react-native-vector-icons/Fonts/EvilIcons.ttf",
				"${PODS_ROOT}/../../node_modules/react-native-vector-icons/Fonts/Feather.ttf",
				"${PODS_ROOT}/../../node_modules/react-native-vector-icons/Fonts/FontAwesome.ttf",
				"${PODS_ROOT}/../../node_modules/react-native-vector-icons/Fonts/FontAwesome5_Brands.ttf",
				"${PODS_ROOT}/../../node_modules/react-native-vector-icons/Fonts/FontAwesome5_Regular.ttf",
				"${PODS_ROOT}/../../node_modules/react-native-vector-icons/Fonts/FontAwesome5_Solid.ttf",
				"${PODS_ROOT}/../../node_modules/react-native-vector-icons/Fonts/Foundation.ttf",
				"${PODS_ROOT}/../../node_modules/react-native-vector-icons/Fonts/Ionicons.ttf",
				"${PODS_ROOT}/../../node_modules/react-native-vector-icons/Fonts/MaterialCommunityIcons.ttf",
				"${PODS_ROOT}/../../node_modules/react-native-vector-icons/Fonts/MaterialIcons.ttf",
				"${PODS_ROOT}/../../node_modules/react-native-vector-icons/Fonts/Octicons.ttf",
				"${PODS_ROOT}/../../node_modules/react-native-vector-icons/Fonts/SimpleLineIcons.ttf",
				"${PODS_ROOT}/../../node_modules/react-native-vector-icons/Fonts/Zocial.ttf",
			);
			name = "[CP] Copy Pods Resources";
			outputPaths = (
				"${TARGET_BUILD_DIR}/${UNLOCALIZED_RESOURCES_FOLDER_PATH}/api.amplitude.com.der",
				"${TARGET_BUILD_DIR}/${UNLOCALIZED_RESOURCES_FOLDER_PATH}/ComodoCaLimitedRsaCertificationAuthority.der",
				"${TARGET_BUILD_DIR}/${UNLOCALIZED_RESOURCES_FOLDER_PATH}/ComodoRsaCA.der",
				"${TARGET_BUILD_DIR}/${UNLOCALIZED_RESOURCES_FOLDER_PATH}/ComodoRsaDomainValidationCA.der",
				"${TARGET_BUILD_DIR}/${UNLOCALIZED_RESOURCES_FOLDER_PATH}/FacebookSDKStrings.bundle",
				"${TARGET_BUILD_DIR}/${UNLOCALIZED_RESOURCES_FOLDER_PATH}/GoogleMaps.bundle",
				"${TARGET_BUILD_DIR}/${UNLOCALIZED_RESOURCES_FOLDER_PATH}/GoogleSignIn.bundle",
				"${TARGET_BUILD_DIR}/${UNLOCALIZED_RESOURCES_FOLDER_PATH}/AntDesign.ttf",
				"${TARGET_BUILD_DIR}/${UNLOCALIZED_RESOURCES_FOLDER_PATH}/Entypo.ttf",
				"${TARGET_BUILD_DIR}/${UNLOCALIZED_RESOURCES_FOLDER_PATH}/EvilIcons.ttf",
				"${TARGET_BUILD_DIR}/${UNLOCALIZED_RESOURCES_FOLDER_PATH}/Feather.ttf",
				"${TARGET_BUILD_DIR}/${UNLOCALIZED_RESOURCES_FOLDER_PATH}/FontAwesome.ttf",
				"${TARGET_BUILD_DIR}/${UNLOCALIZED_RESOURCES_FOLDER_PATH}/FontAwesome5_Brands.ttf",
				"${TARGET_BUILD_DIR}/${UNLOCALIZED_RESOURCES_FOLDER_PATH}/FontAwesome5_Regular.ttf",
				"${TARGET_BUILD_DIR}/${UNLOCALIZED_RESOURCES_FOLDER_PATH}/FontAwesome5_Solid.ttf",
				"${TARGET_BUILD_DIR}/${UNLOCALIZED_RESOURCES_FOLDER_PATH}/Foundation.ttf",
				"${TARGET_BUILD_DIR}/${UNLOCALIZED_RESOURCES_FOLDER_PATH}/Ionicons.ttf",
				"${TARGET_BUILD_DIR}/${UNLOCALIZED_RESOURCES_FOLDER_PATH}/MaterialCommunityIcons.ttf",
				"${TARGET_BUILD_DIR}/${UNLOCALIZED_RESOURCES_FOLDER_PATH}/MaterialIcons.ttf",
				"${TARGET_BUILD_DIR}/${UNLOCALIZED_RESOURCES_FOLDER_PATH}/Octicons.ttf",
				"${TARGET_BUILD_DIR}/${UNLOCALIZED_RESOURCES_FOLDER_PATH}/SimpleLineIcons.ttf",
				"${TARGET_BUILD_DIR}/${UNLOCALIZED_RESOURCES_FOLDER_PATH}/Zocial.ttf",
			);
			runOnlyForDeploymentPostprocessing = 0;
			shellPath = /bin/sh;
			shellScript = "\"${SRCROOT}/Pods/Target Support Files/Pods-test-app-5/Pods-test-app-5-resources.sh\"\n";
			showEnvVarsInLog = 0;
		};
		B5722AD01DFB7E3F0084848F /* Prepare Expo */ = {
			isa = PBXShellScriptBuildPhase;
			buildActionMask = 2147483647;
			files = (
			);
			inputPaths = (
			);
			name = "Prepare Expo";
			outputPaths = (
			);
			runOnlyForDeploymentPostprocessing = 0;
			shellPath = /bin/bash;
			shellScript = "set -eo pipefail\n\npushd \"${SRCROOT}/..\"\nexport PATH=\"$(if [ -f ~/.expo/PATH ]; then echo $PATH:$(cat ~/.expo/PATH); else echo $PATH; fi)\"\nexpo prepare-detached-build --platform ios\npopd\n";
		};
/* End PBXShellScriptBuildPhase section */

/* Begin PBXSourcesBuildPhase section */
		B563863D1DB9693800A0598C /* Sources */ = {
			isa = PBXSourcesBuildPhase;
			buildActionMask = 2147483647;
			files = (
				B56386611DB96A5E00A0598C /* main.m in Sources */,
				B56386491DB9693800A0598C /* AppDelegate.m in Sources */,
			);
			runOnlyForDeploymentPostprocessing = 0;
		};
/* End PBXSourcesBuildPhase section */

/* Begin XCBuildConfiguration section */
		B56386561DB9693800A0598C /* Debug */ = {
			isa = XCBuildConfiguration;
			buildSettings = {
				ALWAYS_SEARCH_USER_PATHS = NO;
				CLANG_ANALYZER_NONNULL = YES;
				CLANG_CXX_LANGUAGE_STANDARD = "gnu++0x";
				CLANG_CXX_LIBRARY = "libc++";
				CLANG_ENABLE_MODULES = YES;
				CLANG_ENABLE_OBJC_ARC = YES;
				CLANG_WARN_BLOCK_CAPTURE_AUTORELEASING = YES;
				CLANG_WARN_BOOL_CONVERSION = YES;
				CLANG_WARN_COMMA = YES;
				CLANG_WARN_CONSTANT_CONVERSION = YES;
				CLANG_WARN_DEPRECATED_OBJC_IMPLEMENTATIONS = YES;
				CLANG_WARN_DIRECT_OBJC_ISA_USAGE = YES_ERROR;
				CLANG_WARN_DOCUMENTATION_COMMENTS = YES;
				CLANG_WARN_EMPTY_BODY = YES;
				CLANG_WARN_ENUM_CONVERSION = YES;
				CLANG_WARN_INFINITE_RECURSION = YES;
				CLANG_WARN_INT_CONVERSION = YES;
				CLANG_WARN_NON_LITERAL_NULL_CONVERSION = YES;
				CLANG_WARN_OBJC_IMPLICIT_RETAIN_SELF = YES;
				CLANG_WARN_OBJC_LITERAL_CONVERSION = YES;
				CLANG_WARN_OBJC_ROOT_CLASS = YES_ERROR;
				CLANG_WARN_RANGE_LOOP_ANALYSIS = YES;
				CLANG_WARN_STRICT_PROTOTYPES = YES;
				CLANG_WARN_SUSPICIOUS_MOVE = YES;
				CLANG_WARN_SUSPICIOUS_MOVES = YES;
				CLANG_WARN_UNREACHABLE_CODE = YES;
				CLANG_WARN__DUPLICATE_METHOD_MATCH = YES;
				"CODE_SIGN_IDENTITY[sdk=iphoneos*]" = "iPhone Developer";
				COPY_PHASE_STRIP = NO;
				DEBUG_INFORMATION_FORMAT = dwarf;
				ENABLE_STRICT_OBJC_MSGSEND = YES;
				ENABLE_TESTABILITY = YES;
				GCC_C_LANGUAGE_STANDARD = gnu99;
				GCC_DYNAMIC_NO_PIC = NO;
				GCC_NO_COMMON_BLOCKS = YES;
				GCC_OPTIMIZATION_LEVEL = 0;
				GCC_PREPROCESSOR_DEFINITIONS = (
					"DEBUG=1",
					"$(inherited)",
				);
				GCC_WARN_64_TO_32_BIT_CONVERSION = YES;
				GCC_WARN_ABOUT_RETURN_TYPE = YES_ERROR;
				GCC_WARN_UNDECLARED_SELECTOR = YES;
				GCC_WARN_UNINITIALIZED_AUTOS = YES_AGGRESSIVE;
				GCC_WARN_UNUSED_FUNCTION = YES;
				GCC_WARN_UNUSED_VARIABLE = YES;
				IPHONEOS_DEPLOYMENT_TARGET = 10.0;
				MTL_ENABLE_DEBUG_INFO = YES;
				ONLY_ACTIVE_ARCH = YES;
				SDKROOT = iphoneos;
			};
			name = Debug;
		};
		B56386571DB9693800A0598C /* Release */ = {
			isa = XCBuildConfiguration;
			buildSettings = {
				ALWAYS_SEARCH_USER_PATHS = NO;
				CLANG_ANALYZER_NONNULL = YES;
				CLANG_CXX_LANGUAGE_STANDARD = "gnu++0x";
				CLANG_CXX_LIBRARY = "libc++";
				CLANG_ENABLE_MODULES = YES;
				CLANG_ENABLE_OBJC_ARC = YES;
				CLANG_WARN_BLOCK_CAPTURE_AUTORELEASING = YES;
				CLANG_WARN_BOOL_CONVERSION = YES;
				CLANG_WARN_COMMA = YES;
				CLANG_WARN_CONSTANT_CONVERSION = YES;
				CLANG_WARN_DEPRECATED_OBJC_IMPLEMENTATIONS = YES;
				CLANG_WARN_DIRECT_OBJC_ISA_USAGE = YES_ERROR;
				CLANG_WARN_DOCUMENTATION_COMMENTS = YES;
				CLANG_WARN_EMPTY_BODY = YES;
				CLANG_WARN_ENUM_CONVERSION = YES;
				CLANG_WARN_INFINITE_RECURSION = YES;
				CLANG_WARN_INT_CONVERSION = YES;
				CLANG_WARN_NON_LITERAL_NULL_CONVERSION = YES;
				CLANG_WARN_OBJC_IMPLICIT_RETAIN_SELF = YES;
				CLANG_WARN_OBJC_LITERAL_CONVERSION = YES;
				CLANG_WARN_OBJC_ROOT_CLASS = YES_ERROR;
				CLANG_WARN_RANGE_LOOP_ANALYSIS = YES;
				CLANG_WARN_STRICT_PROTOTYPES = YES;
				CLANG_WARN_SUSPICIOUS_MOVE = YES;
				CLANG_WARN_SUSPICIOUS_MOVES = YES;
				CLANG_WARN_UNREACHABLE_CODE = YES;
				CLANG_WARN__DUPLICATE_METHOD_MATCH = YES;
				"CODE_SIGN_IDENTITY[sdk=iphoneos*]" = "iPhone Developer";
				COPY_PHASE_STRIP = NO;
				DEBUG_INFORMATION_FORMAT = "dwarf-with-dsym";
				ENABLE_NS_ASSERTIONS = NO;
				ENABLE_STRICT_OBJC_MSGSEND = YES;
				GCC_C_LANGUAGE_STANDARD = gnu99;
				GCC_NO_COMMON_BLOCKS = YES;
				GCC_WARN_64_TO_32_BIT_CONVERSION = YES;
				GCC_WARN_ABOUT_RETURN_TYPE = YES_ERROR;
				GCC_WARN_UNDECLARED_SELECTOR = YES;
				GCC_WARN_UNINITIALIZED_AUTOS = YES_AGGRESSIVE;
				GCC_WARN_UNUSED_FUNCTION = YES;
				GCC_WARN_UNUSED_VARIABLE = YES;
				IPHONEOS_DEPLOYMENT_TARGET = 10.0;
				MTL_ENABLE_DEBUG_INFO = NO;
				SDKROOT = iphoneos;
				VALIDATE_PRODUCT = YES;
			};
			name = Release;
		};
		B56386591DB9693800A0598C /* Debug */ = {
			isa = XCBuildConfiguration;
			baseConfigurationReference = 2C1548D9E4CB1AEFA5CCAE6D /* Pods-test-app-5.debug.xcconfig */;
			buildSettings = {
				ASSETCATALOG_COMPILER_APPICON_NAME = AppIcon;
				DEVELOPMENT_TEAM = 4S8954QVMK;
				INFOPLIST_FILE = "$(SRCROOT)/test-app-5/Supporting/Info.plist";
				LD_RUNPATH_SEARCH_PATHS = "$(inherited) @executable_path/Frameworks";
				LIBRARY_SEARCH_PATHS = (
					"$(inherited)",
					"\"$(SRCROOT)/$(TARGET_NAME)\"",
					"\"$(SRCROOT)/$(TARGET_NAME)\"",
					"\"$(SRCROOT)/$(TARGET_NAME)\"",
				);
				PRODUCT_BUNDLE_IDENTIFIER = com.github.granerr;
				PRODUCT_NAME = "$(TARGET_NAME)";
				TARGETED_DEVICE_FAMILY = "1,2";
			};
			name = Debug;
		};
		B563865A1DB9693800A0598C /* Release */ = {
			isa = XCBuildConfiguration;
			baseConfigurationReference = A47FE4D7F70906B7DC8CE39B /* Pods-test-app-5.release.xcconfig */;
			buildSettings = {
				ASSETCATALOG_COMPILER_APPICON_NAME = AppIcon;
				DEVELOPMENT_TEAM = 4S8954QVMK;
				INFOPLIST_FILE = "$(SRCROOT)/test-app-5/Supporting/Info.plist";
				LD_RUNPATH_SEARCH_PATHS = "$(inherited) @executable_path/Frameworks";
				LIBRARY_SEARCH_PATHS = (
					"$(inherited)",
					"\"$(SRCROOT)/$(TARGET_NAME)\"",
					"\"$(SRCROOT)/$(TARGET_NAME)\"",
					"\"$(SRCROOT)/$(TARGET_NAME)\"",
				);
				PRODUCT_BUNDLE_IDENTIFIER = com.github.granerr;
				PRODUCT_NAME = "$(TARGET_NAME)";
				TARGETED_DEVICE_FAMILY = "1,2";
			};
			name = Release;
		};
/* End XCBuildConfiguration section */

/* Begin XCConfigurationList section */
		B563863C1DB9693800A0598C /* Build configuration list for PBXProject "test-app-5" */ = {
			isa = XCConfigurationList;
			buildConfigurations = (
				B56386561DB9693800A0598C /* Debug */,
				B56386571DB9693800A0598C /* Release */,
			);
			defaultConfigurationIsVisible = 0;
			defaultConfigurationName = Release;
		};
		B56386581DB9693800A0598C /* Build configuration list for PBXNativeTarget "test-app-5" */ = {
			isa = XCConfigurationList;
			buildConfigurations = (
				B56386591DB9693800A0598C /* Debug */,
				B563865A1DB9693800A0598C /* Release */,
			);
			defaultConfigurationIsVisible = 0;
			defaultConfigurationName = Release;
		};
/* End XCConfigurationList section */
	};
	rootObject = B56386391DB9693800A0598C /* Project object */;
}
